
Microsoft Visual Studio Solution File, Format Version 12.00
# Visual Studio 15
VisualStudioVersion = 15.0.28010.2026
MinimumVisualStudioVersion = 10.0.40219.1
Project("{9A19103F-16F7-4668-BE54-9A1E7A4F7556}") = "GameBox.Services", "GameBox.Services\GameBox.Services.csproj", "{A5CB90A3-FB8D-4F0A-9D12-7857F8614C7B}"
EndProject
Project("{9A19103F-16F7-4668-BE54-9A1E7A4F7556}") = "GameBox.Api", "GameBox.Api\GameBox.Api.csproj", "{891AB0A4-73D1-40C7-A07C-41AA5C2790F8}"
EndProject
Project("{9A19103F-16F7-4668-BE54-9A1E7A4F7556}") = "GameBox.Data", "GameBox.Data\GameBox.Data.csproj", "{6175C8DF-6204-45E1-B590-C15A4FA88311}"
EndProject
Project("{FAE04EC0-301F-11D3-BF4B-00C04F79EFBC}") = "GameBox.Core", "GameBox.Core\GameBox.Core.csproj", "{E63AD4B9-CCC4-481F-9374-D598611F5A17}"
EndProject
Global
	GlobalSection(SolutionConfigurationPlatforms) = preSolution
		Debug|Any CPU = Debug|Any CPU
		Release|Any CPU = Release|Any CPU
	EndGlobalSection
	GlobalSection(ProjectConfigurationPlatforms) = postSolution
		{A5CB90A3-FB8D-4F0A-9D12-7857F8614C7B}.Debug|Any CPU.ActiveCfg = Debug|Any CPU
		{A5CB90A3-FB8D-4F0A-9D12-7857F8614C7B}.Debug|Any CPU.Build.0 = Debug|Any CPU
		{A5CB90A3-FB8D-4F0A-9D12-7857F8614C7B}.Release|Any CPU.ActiveCfg = Release|Any CPU
		{A5CB90A3-FB8D-4F0A-9D12-7857F8614C7B}.Release|Any CPU.Build.0 = Release|Any CPU
		{891AB0A4-73D1-40C7-A07C-41AA5C2790F8}.Debug|Any CPU.ActiveCfg = Debug|Any CPU
		{891AB0A4-73D1-40C7-A07C-41AA5C2790F8}.Debug|Any CPU.Build.0 = Debug|Any CPU
		{891AB0A4-73D1-40C7-A07C-41AA5C2790F8}.Release|Any CPU.ActiveCfg = Release|Any CPU
		{891AB0A4-73D1-40C7-A07C-41AA5C2790F8}.Release|Any CPU.Build.0 = Release|Any CPU
		{6175C8DF-6204-45E1-B590-C15A4FA88311}.Debug|Any CPU.ActiveCfg = Debug|Any CPU
		{6175C8DF-6204-45E1-B590-C15A4FA88311}.Debug|Any CPU.Build.0 = Debug|Any CPU
		{6175C8DF-6204-45E1-B590-C15A4FA88311}.Release|Any CPU.ActiveCfg = Release|Any CPU
		{6175C8DF-6204-45E1-B590-C15A4FA88311}.Release|Any CPU.Build.0 = Release|Any CPU
		{E63AD4B9-CCC4-481F-9374-D598611F5A17}.Debug|Any CPU.ActiveCfg = Debug|Any CPU
		{E63AD4B9-CCC4-481F-9374-D598611F5A17}.Debug|Any CPU.Build.0 = Debug|Any CPU
		{E63AD4B9-CCC4-481F-9374-D598611F5A17}.Release|Any CPU.ActiveCfg = Release|Any CPU
		{E63AD4B9-CCC4-481F-9374-D598611F5A17}.Release|Any CPU.Build.0 = Release|Any CPU
	EndGlobalSection
	GlobalSection(SolutionProperties) = preSolution
		HideSolutionNode = FALSE
	EndGlobalSection
	GlobalSection(ExtensibilityGlobals) = postSolution
		SolutionGuid = {3BB40197-01CF-401E-BFAA-D93B9AB1417F}
	EndGlobalSection
EndGlobal
