
Microsoft Visual Studio Solution File, Format Version 12.00
# Visual Studio Version 16
VisualStudioVersion = 16.0.30320.27
MinimumVisualStudioVersion = 10.0.40219.1
Project("{FAE04EC0-301F-11D3-BF4B-00C04F79EFBC}") = "GameBox.Admin.UI", "GameBox.Admin.UI.csproj", "{B5AF1FE4-49BD-414E-B84F-1E65D90AC9A3}"
EndProject
Global
	GlobalSection(SolutionConfigurationPlatforms) = preSolution
		Debug|Any CPU = Debug|Any CPU
		Release|Any CPU = Release|Any CPU
	EndGlobalSection
	GlobalSection(ProjectConfigurationPlatforms) = postSolution
		{B5AF1FE4-49BD-414E-B84F-1E65D90AC9A3}.Debug|Any CPU.ActiveCfg = Debug|Any CPU
		{B5AF1FE4-49BD-414E-B84F-1E65D90AC9A3}.Debug|Any CPU.Build.0 = Debug|Any CPU
		{B5AF1FE4-49BD-414E-B84F-1E65D90AC9A3}.Release|Any CPU.ActiveCfg = Release|Any CPU
		{B5AF1FE4-49BD-414E-B84F-1E65D90AC9A3}.Release|Any CPU.Build.0 = Release|Any CPU
	EndGlobalSection
	GlobalSection(SolutionProperties) = preSolution
		HideSolutionNode = FALSE
	EndGlobalSection
	GlobalSection(ExtensibilityGlobals) = postSolution
		SolutionGuid = {0D1D22FC-16C8-4BB5-A187-B53F438BA4CB}
	EndGlobalSection
EndGlobal
