
Microsoft Visual Studio Solution File, Format Version 12.00
# Visual Studio Version 16
VisualStudioVersion = 16.0.29306.81
MinimumVisualStudioVersion = 10.0.40219.1
Project("{9A19103F-16F7-4668-BE54-9A1E7A4F7556}") = "GameBox.Notification", "GameBox.Notification\GameBox.Notification.csproj", "{FA113416-6CE6-4570-830F-950818A5E227}"
EndProject
Project("{9A19103F-16F7-4668-BE54-9A1E7A4F7556}") = "GameBox.Scheduler", "GameBox.Scheduler\GameBox.Scheduler.csproj", "{22865BA9-0B8D-4837-AA3D-B2FE58B17A41}"
EndProject
Project("{2150E333-8FDC-42A3-9474-1A3956D46DE8}") = "Games.Service", "Games.Service", "{10B31E6E-3876-44A3-8FB5-6CD4125E0B8C}"
EndProject
Project("{2150E333-8FDC-42A3-9474-1A3956D46DE8}") = "Users.Service", "Users.Service", "{EC30AF2D-1C3A-4787-93E1-D8516F4036DF}"
EndProject
Project("{2150E333-8FDC-42A3-9474-1A3956D46DE8}") = "Core", "Core", "{657EB4EB-AEDF-47A8-A541-ACEA868F0120}"
EndProject
Project("{2150E333-8FDC-42A3-9474-1A3956D46DE8}") = "Infrastructure", "Infrastructure", "{402A92D2-55E9-4857-BB84-E8E7F8ED8316}"
EndProject
Project("{2150E333-8FDC-42A3-9474-1A3956D46DE8}") = "Presentation", "Presentation", "{D2D2C930-72B7-4194-813E-D81FF5B20E35}"
EndProject
Project("{9A19103F-16F7-4668-BE54-9A1E7A4F7556}") = "GameBox.Application", "Games.Service\Core\GameBox.Application\GameBox.Application.csproj", "{C6A090E0-C06F-4E90-9BF1-6ECDE39453C6}"
EndProject
Project("{9A19103F-16F7-4668-BE54-9A1E7A4F7556}") = "GameBox.Infrastructure", "Games.Service\Core\GameBox.Infrastructure\GameBox.Infrastructure.csproj", "{1B28F2EA-DE1C-48C3-8EBF-DD99CAC79390}"
EndProject
Project("{9A19103F-16F7-4668-BE54-9A1E7A4F7556}") = "GameBox.Domain", "Games.Service\Infrastructure\GameBox.Domain\GameBox.Domain.csproj", "{BF34DDAD-F3B0-433C-AF9E-05EEAFF808E3}"
EndProject
Project("{9A19103F-16F7-4668-BE54-9A1E7A4F7556}") = "GameBox.Persistence", "Games.Service\Infrastructure\GameBox.Persistence\GameBox.Persistence.csproj", "{13C2E45E-6F98-461E-B912-14DD5DCCBC61}"
EndProject
Project("{9A19103F-16F7-4668-BE54-9A1E7A4F7556}") = "GameBox.Api", "Games.Service\Presentation\GameBox.Api\GameBox.Api.csproj", "{8C52D4A3-80FE-4267-BD5D-863967F0CC5B}"
EndProject
Project("{9A19103F-16F7-4668-BE54-9A1E7A4F7556}") = "GameBox.Bootstrap", "Games.Service\GameBox.Bootstrap\GameBox.Bootstrap.csproj", "{0C01275D-936F-431F-8134-45CD7EB581A9}"
EndProject
Project("{FAE04EC0-301F-11D3-BF4B-00C04F79EFBC}") = "User.Api", "Users.Service\User.Api\User.Api.csproj", "{86A40597-36A8-4A0D-A140-F2F3903AF6EA}"
EndProject
Project("{FAE04EC0-301F-11D3-BF4B-00C04F79EFBC}") = "User.Services", "Users.Service\User.Services\User.Services.csproj", "{B1A69570-A2F9-4442-BE99-FCBB103A4654}"
EndProject
Project("{FAE04EC0-301F-11D3-BF4B-00C04F79EFBC}") = "User.DataAccess", "Users.Service\User.DataAccess\User.DataAccess.csproj", "{D6A608D4-40CB-448D-A700-CA45257762EC}"
EndProject
Project("{FAE04EC0-301F-11D3-BF4B-00C04F79EFBC}") = "User.Models", "Users.Service\User.Models\User.Models.csproj", "{B63D6946-B4A3-4D6E-94BE-6B8F943B8914}"
EndProject
Global
	GlobalSection(SolutionConfigurationPlatforms) = preSolution
		Debug|Any CPU = Debug|Any CPU
		Release|Any CPU = Release|Any CPU
	EndGlobalSection
	GlobalSection(ProjectConfigurationPlatforms) = postSolution
		{FA113416-6CE6-4570-830F-950818A5E227}.Debug|Any CPU.ActiveCfg = Debug|Any CPU
		{FA113416-6CE6-4570-830F-950818A5E227}.Debug|Any CPU.Build.0 = Debug|Any CPU
		{FA113416-6CE6-4570-830F-950818A5E227}.Release|Any CPU.ActiveCfg = Release|Any CPU
		{FA113416-6CE6-4570-830F-950818A5E227}.Release|Any CPU.Build.0 = Release|Any CPU
		{22865BA9-0B8D-4837-AA3D-B2FE58B17A41}.Debug|Any CPU.ActiveCfg = Debug|Any CPU
		{22865BA9-0B8D-4837-AA3D-B2FE58B17A41}.Debug|Any CPU.Build.0 = Debug|Any CPU
		{22865BA9-0B8D-4837-AA3D-B2FE58B17A41}.Release|Any CPU.ActiveCfg = Release|Any CPU
		{22865BA9-0B8D-4837-AA3D-B2FE58B17A41}.Release|Any CPU.Build.0 = Release|Any CPU
		{C6A090E0-C06F-4E90-9BF1-6ECDE39453C6}.Debug|Any CPU.ActiveCfg = Debug|Any CPU
		{C6A090E0-C06F-4E90-9BF1-6ECDE39453C6}.Debug|Any CPU.Build.0 = Debug|Any CPU
		{C6A090E0-C06F-4E90-9BF1-6ECDE39453C6}.Release|Any CPU.ActiveCfg = Release|Any CPU
		{C6A090E0-C06F-4E90-9BF1-6ECDE39453C6}.Release|Any CPU.Build.0 = Release|Any CPU
		{1B28F2EA-DE1C-48C3-8EBF-DD99CAC79390}.Debug|Any CPU.ActiveCfg = Debug|Any CPU
		{1B28F2EA-DE1C-48C3-8EBF-DD99CAC79390}.Debug|Any CPU.Build.0 = Debug|Any CPU
		{1B28F2EA-DE1C-48C3-8EBF-DD99CAC79390}.Release|Any CPU.ActiveCfg = Release|Any CPU
		{1B28F2EA-DE1C-48C3-8EBF-DD99CAC79390}.Release|Any CPU.Build.0 = Release|Any CPU
		{BF34DDAD-F3B0-433C-AF9E-05EEAFF808E3}.Debug|Any CPU.ActiveCfg = Debug|Any CPU
		{BF34DDAD-F3B0-433C-AF9E-05EEAFF808E3}.Debug|Any CPU.Build.0 = Debug|Any CPU
		{BF34DDAD-F3B0-433C-AF9E-05EEAFF808E3}.Release|Any CPU.ActiveCfg = Release|Any CPU
		{BF34DDAD-F3B0-433C-AF9E-05EEAFF808E3}.Release|Any CPU.Build.0 = Release|Any CPU
		{13C2E45E-6F98-461E-B912-14DD5DCCBC61}.Debug|Any CPU.ActiveCfg = Debug|Any CPU
		{13C2E45E-6F98-461E-B912-14DD5DCCBC61}.Debug|Any CPU.Build.0 = Debug|Any CPU
		{13C2E45E-6F98-461E-B912-14DD5DCCBC61}.Release|Any CPU.ActiveCfg = Release|Any CPU
		{13C2E45E-6F98-461E-B912-14DD5DCCBC61}.Release|Any CPU.Build.0 = Release|Any CPU
		{8C52D4A3-80FE-4267-BD5D-863967F0CC5B}.Debug|Any CPU.ActiveCfg = Debug|Any CPU
		{8C52D4A3-80FE-4267-BD5D-863967F0CC5B}.Debug|Any CPU.Build.0 = Debug|Any CPU
		{8C52D4A3-80FE-4267-BD5D-863967F0CC5B}.Release|Any CPU.ActiveCfg = Release|Any CPU
		{8C52D4A3-80FE-4267-BD5D-863967F0CC5B}.Release|Any CPU.Build.0 = Release|Any CPU
		{0C01275D-936F-431F-8134-45CD7EB581A9}.Debug|Any CPU.ActiveCfg = Debug|Any CPU
		{0C01275D-936F-431F-8134-45CD7EB581A9}.Debug|Any CPU.Build.0 = Debug|Any CPU
		{0C01275D-936F-431F-8134-45CD7EB581A9}.Release|Any CPU.ActiveCfg = Release|Any CPU
		{0C01275D-936F-431F-8134-45CD7EB581A9}.Release|Any CPU.Build.0 = Release|Any CPU
		{86A40597-36A8-4A0D-A140-F2F3903AF6EA}.Debug|Any CPU.ActiveCfg = Debug|Any CPU
		{86A40597-36A8-4A0D-A140-F2F3903AF6EA}.Debug|Any CPU.Build.0 = Debug|Any CPU
		{86A40597-36A8-4A0D-A140-F2F3903AF6EA}.Release|Any CPU.ActiveCfg = Release|Any CPU
		{86A40597-36A8-4A0D-A140-F2F3903AF6EA}.Release|Any CPU.Build.0 = Release|Any CPU
		{B1A69570-A2F9-4442-BE99-FCBB103A4654}.Debug|Any CPU.ActiveCfg = Debug|Any CPU
		{B1A69570-A2F9-4442-BE99-FCBB103A4654}.Debug|Any CPU.Build.0 = Debug|Any CPU
		{B1A69570-A2F9-4442-BE99-FCBB103A4654}.Release|Any CPU.ActiveCfg = Release|Any CPU
		{B1A69570-A2F9-4442-BE99-FCBB103A4654}.Release|Any CPU.Build.0 = Release|Any CPU
		{D6A608D4-40CB-448D-A700-CA45257762EC}.Debug|Any CPU.ActiveCfg = Debug|Any CPU
		{D6A608D4-40CB-448D-A700-CA45257762EC}.Debug|Any CPU.Build.0 = Debug|Any CPU
		{D6A608D4-40CB-448D-A700-CA45257762EC}.Release|Any CPU.ActiveCfg = Release|Any CPU
		{D6A608D4-40CB-448D-A700-CA45257762EC}.Release|Any CPU.Build.0 = Release|Any CPU
		{B63D6946-B4A3-4D6E-94BE-6B8F943B8914}.Debug|Any CPU.ActiveCfg = Debug|Any CPU
		{B63D6946-B4A3-4D6E-94BE-6B8F943B8914}.Debug|Any CPU.Build.0 = Debug|Any CPU
		{B63D6946-B4A3-4D6E-94BE-6B8F943B8914}.Release|Any CPU.ActiveCfg = Release|Any CPU
		{B63D6946-B4A3-4D6E-94BE-6B8F943B8914}.Release|Any CPU.Build.0 = Release|Any CPU
	EndGlobalSection
	GlobalSection(SolutionProperties) = preSolution
		HideSolutionNode = FALSE
	EndGlobalSection
	GlobalSection(NestedProjects) = preSolution
		{657EB4EB-AEDF-47A8-A541-ACEA868F0120} = {10B31E6E-3876-44A3-8FB5-6CD4125E0B8C}
		{402A92D2-55E9-4857-BB84-E8E7F8ED8316} = {10B31E6E-3876-44A3-8FB5-6CD4125E0B8C}
		{D2D2C930-72B7-4194-813E-D81FF5B20E35} = {10B31E6E-3876-44A3-8FB5-6CD4125E0B8C}
		{C6A090E0-C06F-4E90-9BF1-6ECDE39453C6} = {657EB4EB-AEDF-47A8-A541-ACEA868F0120}
		{1B28F2EA-DE1C-48C3-8EBF-DD99CAC79390} = {657EB4EB-AEDF-47A8-A541-ACEA868F0120}
		{BF34DDAD-F3B0-433C-AF9E-05EEAFF808E3} = {402A92D2-55E9-4857-BB84-E8E7F8ED8316}
		{13C2E45E-6F98-461E-B912-14DD5DCCBC61} = {402A92D2-55E9-4857-BB84-E8E7F8ED8316}
		{8C52D4A3-80FE-4267-BD5D-863967F0CC5B} = {D2D2C930-72B7-4194-813E-D81FF5B20E35}
		{0C01275D-936F-431F-8134-45CD7EB581A9} = {10B31E6E-3876-44A3-8FB5-6CD4125E0B8C}
		{86A40597-36A8-4A0D-A140-F2F3903AF6EA} = {EC30AF2D-1C3A-4787-93E1-D8516F4036DF}
		{B1A69570-A2F9-4442-BE99-FCBB103A4654} = {EC30AF2D-1C3A-4787-93E1-D8516F4036DF}
		{D6A608D4-40CB-448D-A700-CA45257762EC} = {EC30AF2D-1C3A-4787-93E1-D8516F4036DF}
		{B63D6946-B4A3-4D6E-94BE-6B8F943B8914} = {EC30AF2D-1C3A-4787-93E1-D8516F4036DF}
	EndGlobalSection
	GlobalSection(ExtensibilityGlobals) = postSolution
		SolutionGuid = {3BB40197-01CF-401E-BFAA-D93B9AB1417F}
	EndGlobalSection
EndGlobal
