
Microsoft Visual Studio Solution File, Format Version 12.00
# Visual Studio Version 16
VisualStudioVersion = 16.0.29306.81
MinimumVisualStudioVersion = 10.0.40219.1
Project("{2150E333-8FDC-42A3-9474-1A3956D46DE8}") = "Core", "Core", "{DCE948C9-FA6F-4CC7-9F6F-4C57EC2A60B1}"
EndProject
Project("{2150E333-8FDC-42A3-9474-1A3956D46DE8}") = "Presentation", "Presentation", "{E1AE8A52-686C-4F47-AF8E-B49907768508}"
EndProject
Project("{2150E333-8FDC-42A3-9474-1A3956D46DE8}") = "Infrastructure", "Infrastructure", "{5DEB3C8A-A6A1-41B9-AB40-82CCB406B776}"
EndProject
Project("{9A19103F-16F7-4668-BE54-9A1E7A4F7556}") = "GameBox.Application", "GameBox.Application\GameBox.Application.csproj", "{5F4A9AEC-CAEA-4935-9133-E0B52E23A19D}"
EndProject
Project("{9A19103F-16F7-4668-BE54-9A1E7A4F7556}") = "GameBox.Domain", "GameBox.Domain\GameBox.Domain.csproj", "{EFFF8FB3-C985-4752-97FE-8AB430F3ED2A}"
EndProject
Project("{9A19103F-16F7-4668-BE54-9A1E7A4F7556}") = "GameBox.Persistence", "GameBox.Persistence\GameBox.Persistence.csproj", "{953F9324-E10B-426E-BC67-8EF67549CFD3}"
EndProject
Project("{9A19103F-16F7-4668-BE54-9A1E7A4F7556}") = "GameBox.Api", "GameBox.Api\GameBox.Api.csproj", "{08D87C06-A42F-48FE-B00D-1E537BC0CF92}"
EndProject
Project("{FAE04EC0-301F-11D3-BF4B-00C04F79EFBC}") = "GameBox.Infrastructure", "GameBox.Infrastructure\GameBox.Infrastructure.csproj", "{08D971F6-1E4B-446F-B470-7322B3621204}"
EndProject
Global
	GlobalSection(SolutionConfigurationPlatforms) = preSolution
		Debug|Any CPU = Debug|Any CPU
		Release|Any CPU = Release|Any CPU
	EndGlobalSection
	GlobalSection(ProjectConfigurationPlatforms) = postSolution
		{5F4A9AEC-CAEA-4935-9133-E0B52E23A19D}.Debug|Any CPU.ActiveCfg = Debug|Any CPU
		{5F4A9AEC-CAEA-4935-9133-E0B52E23A19D}.Debug|Any CPU.Build.0 = Debug|Any CPU
		{5F4A9AEC-CAEA-4935-9133-E0B52E23A19D}.Release|Any CPU.ActiveCfg = Release|Any CPU
		{5F4A9AEC-CAEA-4935-9133-E0B52E23A19D}.Release|Any CPU.Build.0 = Release|Any CPU
		{EFFF8FB3-C985-4752-97FE-8AB430F3ED2A}.Debug|Any CPU.ActiveCfg = Debug|Any CPU
		{EFFF8FB3-C985-4752-97FE-8AB430F3ED2A}.Debug|Any CPU.Build.0 = Debug|Any CPU
		{EFFF8FB3-C985-4752-97FE-8AB430F3ED2A}.Release|Any CPU.ActiveCfg = Release|Any CPU
		{EFFF8FB3-C985-4752-97FE-8AB430F3ED2A}.Release|Any CPU.Build.0 = Release|Any CPU
		{953F9324-E10B-426E-BC67-8EF67549CFD3}.Debug|Any CPU.ActiveCfg = Debug|Any CPU
		{953F9324-E10B-426E-BC67-8EF67549CFD3}.Debug|Any CPU.Build.0 = Debug|Any CPU
		{953F9324-E10B-426E-BC67-8EF67549CFD3}.Release|Any CPU.ActiveCfg = Release|Any CPU
		{953F9324-E10B-426E-BC67-8EF67549CFD3}.Release|Any CPU.Build.0 = Release|Any CPU
		{08D87C06-A42F-48FE-B00D-1E537BC0CF92}.Debug|Any CPU.ActiveCfg = Debug|Any CPU
		{08D87C06-A42F-48FE-B00D-1E537BC0CF92}.Debug|Any CPU.Build.0 = Debug|Any CPU
		{08D87C06-A42F-48FE-B00D-1E537BC0CF92}.Release|Any CPU.ActiveCfg = Release|Any CPU
		{08D87C06-A42F-48FE-B00D-1E537BC0CF92}.Release|Any CPU.Build.0 = Release|Any CPU
		{08D971F6-1E4B-446F-B470-7322B3621204}.Debug|Any CPU.ActiveCfg = Debug|Any CPU
		{08D971F6-1E4B-446F-B470-7322B3621204}.Debug|Any CPU.Build.0 = Debug|Any CPU
		{08D971F6-1E4B-446F-B470-7322B3621204}.Release|Any CPU.ActiveCfg = Release|Any CPU
		{08D971F6-1E4B-446F-B470-7322B3621204}.Release|Any CPU.Build.0 = Release|Any CPU
	EndGlobalSection
	GlobalSection(SolutionProperties) = preSolution
		HideSolutionNode = FALSE
	EndGlobalSection
	GlobalSection(NestedProjects) = preSolution
		{5F4A9AEC-CAEA-4935-9133-E0B52E23A19D} = {DCE948C9-FA6F-4CC7-9F6F-4C57EC2A60B1}
		{EFFF8FB3-C985-4752-97FE-8AB430F3ED2A} = {DCE948C9-FA6F-4CC7-9F6F-4C57EC2A60B1}
		{953F9324-E10B-426E-BC67-8EF67549CFD3} = {5DEB3C8A-A6A1-41B9-AB40-82CCB406B776}
		{08D87C06-A42F-48FE-B00D-1E537BC0CF92} = {E1AE8A52-686C-4F47-AF8E-B49907768508}
		{08D971F6-1E4B-446F-B470-7322B3621204} = {5DEB3C8A-A6A1-41B9-AB40-82CCB406B776}
	EndGlobalSection
	GlobalSection(ExtensibilityGlobals) = postSolution
		SolutionGuid = {3BB40197-01CF-401E-BFAA-D93B9AB1417F}
	EndGlobalSection
EndGlobal
